
Microsoft Visual Studio Solution File, Format Version 12.00
# Visual Studio Version 16
VisualStudioVersion = 16.0.32126.315
MinimumVisualStudioVersion = 10.0.40219.1
Project("{8BC9CEB8-8B4A-11D0-8D11-00A0C91BC942}") = "BondPricer", "BondPricer.vcxproj", "{DB6C9569-EA60-41ED-BA42-A721FC9F1317}"
EndProject
Global
	GlobalSection(SolutionConfigurationPlatforms) = preSolution
		Debug|x64 = Debug|x64
		Debug|x86 = Debug|x86
		Release|x64 = Release|x64
		Release|x86 = Release|x86
	EndGlobalSection
	GlobalSection(ProjectConfigurationPlatforms) = postSolution
		{DB6C9569-EA60-41ED-BA42-A721FC9F1317}.Debug|x64.ActiveCfg = Debug|x64
		{DB6C9569-EA60-41ED-BA42-A721FC9F1317}.Debug|x64.Build.0 = Debug|x64
		{DB6C9569-EA60-41ED-BA42-A721FC9F1317}.Debug|x86.ActiveCfg = Debug|Win32
		{DB6C9569-EA60-41ED-BA42-A721FC9F1317}.Debug|x86.Build.0 = Debug|Win32
		{DB6C9569-EA60-41ED-BA42-A721FC9F1317}.Release|x64.ActiveCfg = Release|x64
		{DB6C9569-EA60-41ED-BA42-A721FC9F1317}.Release|x64.Build.0 = Release|x64
		{DB6C9569-EA60-41ED-BA42-A721FC9F1317}.Release|x86.ActiveCfg = Release|Win32
		{DB6C9569-EA60-41ED-BA42-A721FC9F1317}.Release|x86.Build.0 = Release|Win32
	EndGlobalSection
	GlobalSection(SolutionProperties) = preSolution
		HideSolutionNode = FALSE
	EndGlobalSection
	GlobalSection(ExtensibilityGlobals) = postSolution
		SolutionGuid = {1ABB15EE-29A6-4162-90BE-8814D3D04314}
	EndGlobalSection
EndGlobal
